// !$*UTF8*$!
{
	archiveVersion = 1;
	classes = {
	};
	objectVersion = 50;
	objects = {

/* Begin PBXBuildFile section */
		459FAD5620A1551C00725C0B /* AppDelegate.swift in Sources */ = {isa = PBXBuildFile; fileRef = 459FAD5520A1551C00725C0B /* AppDelegate.swift */; };
		459FAD5820A1551C00725C0B /* ViewController.swift in Sources */ = {isa = PBXBuildFile; fileRef = 459FAD5720A1551C00725C0B /* ViewController.swift */; };
		459FAD5B20A1551C00725C0B /* Main.storyboard in Resources */ = {isa = PBXBuildFile; fileRef = 459FAD5920A1551C00725C0B /* Main.storyboard */; };
		459FAD5D20A1551D00725C0B /* Assets.xcassets in Resources */ = {isa = PBXBuildFile; fileRef = 459FAD5C20A1551D00725C0B /* Assets.xcassets */; };
		459FAD6020A1551D00725C0B /* LaunchScreen.storyboard in Resources */ = {isa = PBXBuildFile; fileRef = 459FAD5E20A1551D00725C0B /* LaunchScreen.storyboard */; };
		459FAD6B20A1551D00725C0B /* KindleLBTATests.swift in Sources */ = {isa = PBXBuildFile; fileRef = 459FAD6A20A1551D00725C0B /* KindleLBTATests.swift */; };
		459FAD7620A1551D00725C0B /* KindleLBTAUITests.swift in Sources */ = {isa = PBXBuildFile; fileRef = 459FAD7520A1551D00725C0B /* KindleLBTAUITests.swift */; };
/* End PBXBuildFile section */

/* Begin PBXContainerItemProxy section */
		459FAD6720A1551D00725C0B /* PBXContainerItemProxy */ = {
			isa = PBXContainerItemProxy;
			containerPortal = 459FAD4A20A1551C00725C0B /* Project object */;
			proxyType = 1;
			remoteGlobalIDString = 459FAD5120A1551C00725C0B;
			remoteInfo = KindleLBTA;
		};
		459FAD7220A1551D00725C0B /* PBXContainerItemProxy */ = {
			isa = PBXContainerItemProxy;
			containerPortal = 459FAD4A20A1551C00725C0B /* Project object */;
			proxyType = 1;
			remoteGlobalIDString = 459FAD5120A1551C00725C0B;
			remoteInfo = KindleLBTA;
		};
/* End PBXContainerItemProxy section */

/* Begin PBXFileReference section */
		459FAD5220A1551C00725C0B /* KindleLBTA.app */ = {isa = PBXFileReference; explicitFileType = wrapper.application; includeInIndex = 0; path = KindleLBTA.app; sourceTree = BUILT_PRODUCTS_DIR; };
		459FAD5520A1551C00725C0B /* AppDelegate.swift */ = {isa = PBXFileReference; lastKnownFileType = sourcecode.swift; path = AppDelegate.swift; sourceTree = "<group>"; };
		459FAD5720A1551C00725C0B /* ViewController.swift */ = {isa = PBXFileReference; lastKnownFileType = sourcecode.swift; path = ViewController.swift; sourceTree = "<group>"; };
		459FAD5A20A1551C00725C0B /* Base */ = {isa = PBXFileReference; lastKnownFileType = file.storyboard; name = Base; path = Base.lproj/Main.storyboard; sourceTree = "<group>"; };
		459FAD5C20A1551D00725C0B /* Assets.xcassets */ = {isa = PBXFileReference; lastKnownFileType = folder.assetcatalog; path = Assets.xcassets; sourceTree = "<group>"; };
		459FAD5F20A1551D00725C0B /* Base */ = {isa = PBXFileReference; lastKnownFileType = file.storyboard; name = Base; path = Base.lproj/LaunchScreen.storyboard; sourceTree = "<group>"; };
		459FAD6120A1551D00725C0B /* Info.plist */ = {isa = PBXFileReference; lastKnownFileType = text.plist.xml; path = Info.plist; sourceTree = "<group>"; };
		459FAD6620A1551D00725C0B /* KindleLBTATests.xctest */ = {isa = PBXFileReference; explicitFileType = wrapper.cfbundle; includeInIndex = 0; path = KindleLBTATests.xctest; sourceTree = BUILT_PRODUCTS_DIR; };
		459FAD6A20A1551D00725C0B /* KindleLBTATests.swift */ = {isa = PBXFileReference; lastKnownFileType = sourcecode.swift; path = KindleLBTATests.swift; sourceTree = "<group>"; };
		459FAD6C20A1551D00725C0B /* Info.plist */ = {isa = PBXFileReference; lastKnownFileType = text.plist.xml; path = Info.plist; sourceTree = "<group>"; };
		459FAD7120A1551D00725C0B /* KindleLBTAUITests.xctest */ = {isa = PBXFileReference; explicitFileType = wrapper.cfbundle; includeInIndex = 0; path = KindleLBTAUITests.xctest; sourceTree = BUILT_PRODUCTS_DIR; };
		459FAD7520A1551D00725C0B /* KindleLBTAUITests.swift */ = {isa = PBXFileReference; lastKnownFileType = sourcecode.swift; path = KindleLBTAUITests.swift; sourceTree = "<group>"; };
		459FAD7720A1551D00725C0B /* Info.plist */ = {isa = PBXFileReference; lastKnownFileType = text.plist.xml; path = Info.plist; sourceTree = "<group>"; };
/* End PBXFileReference section */

/* Begin PBXFrameworksBuildPhase section */
		459FAD4F20A1551C00725C0B /* Frameworks */ = {
			isa = PBXFrameworksBuildPhase;
			buildActionMask = 2147483647;
			files = (
			);
			runOnlyForDeploymentPostprocessing = 0;
		};
		459FAD6320A1551D00725C0B /* Frameworks */ = {
			isa = PBXFrameworksBuildPhase;
			buildActionMask = 2147483647;
			files = (
			);
			runOnlyForDeploymentPostprocessing = 0;
		};
		459FAD6E20A1551D00725C0B /* Frameworks */ = {
			isa = PBXFrameworksBuildPhase;
			buildActionMask = 2147483647;
			files = (
			);
			runOnlyForDeploymentPostprocessing = 0;
		};
/* End PBXFrameworksBuildPhase section */

/* Begin PBXGroup section */
		459FAD4920A1551C00725C0B = {
			isa = PBXGroup;
			children = (
				459FAD5420A1551C00725C0B /* KindleLBTA */,
				459FAD6920A1551D00725C0B /* KindleLBTATests */,
				459FAD7420A1551D00725C0B /* KindleLBTAUITests */,
				459FAD5320A1551C00725C0B /* Products */,
			);
			sourceTree = "<group>";
		};
		459FAD5320A1551C00725C0B /* Products */ = {
			isa = PBXGroup;
			children = (
				459FAD5220A1551C00725C0B /* KindleLBTA.app */,
				459FAD6620A1551D00725C0B /* KindleLBTATests.xctest */,
				459FAD7120A1551D00725C0B /* KindleLBTAUITests.xctest */,
			);
			name = Products;
			sourceTree = "<group>";
		};
		459FAD5420A1551C00725C0B /* KindleLBTA */ = {
			isa = PBXGroup;
			children = (
				459FAD5520A1551C00725C0B /* AppDelegate.swift */,
				459FAD5720A1551C00725C0B /* ViewController.swift */,
				459FAD5920A1551C00725C0B /* Main.storyboard */,
				459FAD5C20A1551D00725C0B /* Assets.xcassets */,
				459FAD5E20A1551D00725C0B /* LaunchScreen.storyboard */,
				459FAD6120A1551D00725C0B /* Info.plist */,
			);
			path = KindleLBTA;
			sourceTree = "<group>";
		};
		459FAD6920A1551D00725C0B /* KindleLBTATests */ = {
			isa = PBXGroup;
			children = (
				459FAD6A20A1551D00725C0B /* KindleLBTATests.swift */,
				459FAD6C20A1551D00725C0B /* Info.plist */,
			);
			path = KindleLBTATests;
			sourceTree = "<group>";
		};
		459FAD7420A1551D00725C0B /* KindleLBTAUITests */ = {
			isa = PBXGroup;
			children = (
				459FAD7520A1551D00725C0B /* KindleLBTAUITests.swift */,
				459FAD7720A1551D00725C0B /* Info.plist */,
			);
			path = KindleLBTAUITests;
			sourceTree = "<group>";
		};
/* End PBXGroup section */

/* Begin PBXNativeTarget section */
		459FAD5120A1551C00725C0B /* KindleLBTA */ = {
			isa = PBXNativeTarget;
			buildConfigurationList = 459FAD7A20A1551D00725C0B /* Build configuration list for PBXNativeTarget "KindleLBTA" */;
			buildPhases = (
				459FAD4E20A1551C00725C0B /* Sources */,
				459FAD4F20A1551C00725C0B /* Frameworks */,
				459FAD5020A1551C00725C0B /* Resources */,
			);
			buildRules = (
			);
			dependencies = (
			);
			name = KindleLBTA;
			productName = KindleLBTA;
			productReference = 459FAD5220A1551C00725C0B /* KindleLBTA.app */;
			productType = "com.apple.product-type.application";
		};
		459FAD6520A1551D00725C0B /* KindleLBTATests */ = {
			isa = PBXNativeTarget;
			buildConfigurationList = 459FAD7D20A1551D00725C0B /* Build configuration list for PBXNativeTarget "KindleLBTATests" */;
			buildPhases = (
				459FAD6220A1551D00725C0B /* Sources */,
				459FAD6320A1551D00725C0B /* Frameworks */,
				459FAD6420A1551D00725C0B /* Resources */,
			);
			buildRules = (
			);
			dependencies = (
				459FAD6820A1551D00725C0B /* PBXTargetDependency */,
			);
			name = KindleLBTATests;
			productName = KindleLBTATests;
			productReference = 459FAD6620A1551D00725C0B /* KindleLBTATests.xctest */;
			productType = "com.apple.product-type.bundle.unit-test";
		};
		459FAD7020A1551D00725C0B /* KindleLBTAUITests */ = {
			isa = PBXNativeTarget;
			buildConfigurationList = 459FAD8020A1551D00725C0B /* Build configuration list for PBXNativeTarget "KindleLBTAUITests" */;
			buildPhases = (
				459FAD6D20A1551D00725C0B /* Sources */,
				459FAD6E20A1551D00725C0B /* Frameworks */,
				459FAD6F20A1551D00725C0B /* Resources */,
			);
			buildRules = (
			);
			dependencies = (
				459FAD7320A1551D00725C0B /* PBXTargetDependency */,
			);
			name = KindleLBTAUITests;
			productName = KindleLBTAUITests;
			productReference = 459FAD7120A1551D00725C0B /* KindleLBTAUITests.xctest */;
			productType = "com.apple.product-type.bundle.ui-testing";
		};
/* End PBXNativeTarget section */

/* Begin PBXProject section */
		459FAD4A20A1551C00725C0B /* Project object */ = {
			isa = PBXProject;
			attributes = {
				LastSwiftUpdateCheck = 0930;
				LastUpgradeCheck = 0930;
				ORGANIZATIONNAME = "Aayush Bajracharya";
				TargetAttributes = {
					459FAD5120A1551C00725C0B = {
						CreatedOnToolsVersion = 9.3;
					};
					459FAD6520A1551D00725C0B = {
						CreatedOnToolsVersion = 9.3;
						TestTargetID = 459FAD5120A1551C00725C0B;
					};
					459FAD7020A1551D00725C0B = {
						CreatedOnToolsVersion = 9.3;
						TestTargetID = 459FAD5120A1551C00725C0B;
					};
				};
			};
			buildConfigurationList = 459FAD4D20A1551C00725C0B /* Build configuration list for PBXProject "KindleLBTA" */;
			compatibilityVersion = "Xcode 9.3";
			developmentRegion = en;
			hasScannedForEncodings = 0;
			knownRegions = (
				en,
				Base,
			);
			mainGroup = 459FAD4920A1551C00725C0B;
			productRefGroup = 459FAD5320A1551C00725C0B /* Products */;
			projectDirPath = "";
			projectRoot = "";
			targets = (
				459FAD5120A1551C00725C0B /* KindleLBTA */,
				459FAD6520A1551D00725C0B /* KindleLBTATests */,
				459FAD7020A1551D00725C0B /* KindleLBTAUITests */,
			);
		};
/* End PBXProject section */

/* Begin PBXResourcesBuildPhase section */
		459FAD5020A1551C00725C0B /* Resources */ = {
			isa = PBXResourcesBuildPhase;
			buildActionMask = 2147483647;
			files = (
				459FAD6020A1551D00725C0B /* LaunchScreen.storyboard in Resources */,
				459FAD5D20A1551D00725C0B /* Assets.xcassets in Resources */,
				459FAD5B20A1551C00725C0B /* Main.storyboard in Resources */,
			);
			runOnlyForDeploymentPostprocessing = 0;
		};
		459FAD6420A1551D00725C0B /* Resources */ = {
			isa = PBXResourcesBuildPhase;
			buildActionMask = 2147483647;
			files = (
			);
			runOnlyForDeploymentPostprocessing = 0;
		};
		459FAD6F20A1551D00725C0B /* Resources */ = {
			isa = PBXResourcesBuildPhase;
			buildActionMask = 2147483647;
			files = (
			);
			runOnlyForDeploymentPostprocessing = 0;
		};
/* End PBXResourcesBuildPhase section */

/* Begin PBXSourcesBuildPhase section */
		459FAD4E20A1551C00725C0B /* Sources */ = {
			isa = PBXSourcesBuildPhase;
			buildActionMask = 2147483647;
			files = (
				459FAD5820A1551C00725C0B /* ViewController.swift in Sources */,
				459FAD5620A1551C00725C0B /* AppDelegate.swift in Sources */,
			);
			runOnlyForDeploymentPostprocessing = 0;
		};
		459FAD6220A1551D00725C0B /* Sources */ = {
			isa = PBXSourcesBuildPhase;
			buildActionMask = 2147483647;
			files = (
				459FAD6B20A1551D00725C0B /* KindleLBTATests.swift in Sources */,
			);
			runOnlyForDeploymentPostprocessing = 0;
		};
		459FAD6D20A1551D00725C0B /* Sources */ = {
			isa = PBXSourcesBuildPhase;
			buildActionMask = 2147483647;
			files = (
				459FAD7620A1551D00725C0B /* KindleLBTAUITests.swift in Sources */,
			);
			runOnlyForDeploymentPostprocessing = 0;
		};
/* End PBXSourcesBuildPhase section */

/* Begin PBXTargetDependency section */
		459FAD6820A1551D00725C0B /* PBXTargetDependency */ = {
			isa = PBXTargetDependency;
			target = 459FAD5120A1551C00725C0B /* KindleLBTA */;
			targetProxy = 459FAD6720A1551D00725C0B /* PBXContainerItemProxy */;
		};
		459FAD7320A1551D00725C0B /* PBXTargetDependency */ = {
			isa = PBXTargetDependency;
			target = 459FAD5120A1551C00725C0B /* KindleLBTA */;
			targetProxy = 459FAD7220A1551D00725C0B /* PBXContainerItemProxy */;
		};
/* End PBXTargetDependency section */

/* Begin PBXVariantGroup section */
		459FAD5920A1551C00725C0B /* Main.storyboard */ = {
			isa = PBXVariantGroup;
			children = (
				459FAD5A20A1551C00725C0B /* Base */,
			);
			name = Main.storyboard;
			sourceTree = "<group>";
		};
		459FAD5E20A1551D00725C0B /* LaunchScreen.storyboard */ = {
			isa = PBXVariantGroup;
			children = (
				459FAD5F20A1551D00725C0B /* Base */,
			);
			name = LaunchScreen.storyboard;
			sourceTree = "<group>";
		};
/* End PBXVariantGroup section */

/* Begin XCBuildConfiguration section */
		459FAD7820A1551D00725C0B /* Debug */ = {
			isa = XCBuildConfiguration;
			buildSettings = {
				ALWAYS_SEARCH_USER_PATHS = NO;
				CLANG_ANALYZER_NONNULL = YES;
				CLANG_ANALYZER_NUMBER_OBJECT_CONVERSION = YES_AGGRESSIVE;
				CLANG_CXX_LANGUAGE_STANDARD = "gnu++14";
				CLANG_CXX_LIBRARY = "libc++";
				CLANG_ENABLE_MODULES = YES;
				CLANG_ENABLE_OBJC_ARC = YES;
				CLANG_ENABLE_OBJC_WEAK = YES;
				CLANG_WARN_BLOCK_CAPTURE_AUTORELEASING = YES;
				CLANG_WARN_BOOL_CONVERSION = YES;
				CLANG_WARN_COMMA = YES;
				CLANG_WARN_CONSTANT_CONVERSION = YES;
				CLANG_WARN_DEPRECATED_OBJC_IMPLEMENTATIONS = YES;
				CLANG_WARN_DIRECT_OBJC_ISA_USAGE = YES_ERROR;
				CLANG_WARN_DOCUMENTATION_COMMENTS = YES;
				CLANG_WARN_EMPTY_BODY = YES;
				CLANG_WARN_ENUM_CONVERSION = YES;
				CLANG_WARN_INFINITE_RECURSION = YES;
				CLANG_WARN_INT_CONVERSION = YES;
				CLANG_WARN_NON_LITERAL_NULL_CONVERSION = YES;
				CLANG_WARN_OBJC_IMPLICIT_RETAIN_SELF = YES;
				CLANG_WARN_OBJC_LITERAL_CONVERSION = YES;
				CLANG_WARN_OBJC_ROOT_CLASS = YES_ERROR;
				CLANG_WARN_RANGE_LOOP_ANALYSIS = YES;
				CLANG_WARN_STRICT_PROTOTYPES = YES;
				CLANG_WARN_SUSPICIOUS_MOVE = YES;
				CLANG_WARN_UNGUARDED_AVAILABILITY = YES_AGGRESSIVE;
				CLANG_WARN_UNREACHABLE_CODE = YES;
				CLANG_WARN__DUPLICATE_METHOD_MATCH = YES;
				CODE_SIGN_IDENTITY = "iPhone Developer";
				COPY_PHASE_STRIP = NO;
				DEBUG_INFORMATION_FORMAT = dwarf;
				ENABLE_STRICT_OBJC_MSGSEND = YES;
				ENABLE_TESTABILITY = YES;
				GCC_C_LANGUAGE_STANDARD = gnu11;
				GCC_DYNAMIC_NO_PIC = NO;
				GCC_NO_COMMON_BLOCKS = YES;
				GCC_OPTIMIZATION_LEVEL = 0;
				GCC_PREPROCESSOR_DEFINITIONS = (
					"DEBUG=1",
					"$(inherited)",
				);
				GCC_WARN_64_TO_32_BIT_CONVERSION = YES;
				GCC_WARN_ABOUT_RETURN_TYPE = YES_ERROR;
				GCC_WARN_UNDECLARED_SELECTOR = YES;
				GCC_WARN_UNINITIALIZED_AUTOS = YES_AGGRESSIVE;
				GCC_WARN_UNUSED_FUNCTION = YES;
				GCC_WARN_UNUSED_VARIABLE = YES;
				IPHONEOS_DEPLOYMENT_TARGET = 11.3;
				MTL_ENABLE_DEBUG_INFO = YES;
				ONLY_ACTIVE_ARCH = YES;
				SDKROOT = iphoneos;
				SWIFT_ACTIVE_COMPILATION_CONDITIONS = DEBUG;
				SWIFT_OPTIMIZATION_LEVEL = "-Onone";
			};
			name = Debug;
		};
		459FAD7920A1551D00725C0B /* Release */ = {
			isa = XCBuildConfiguration;
			buildSettings = {
				ALWAYS_SEARCH_USER_PATHS = NO;
				CLANG_ANALYZER_NONNULL = YES;
				CLANG_ANALYZER_NUMBER_OBJECT_CONVERSION = YES_AGGRESSIVE;
				CLANG_CXX_LANGUAGE_STANDARD = "gnu++14";
				CLANG_CXX_LIBRARY = "libc++";
				CLANG_ENABLE_MODULES = YES;
				CLANG_ENABLE_OBJC_ARC = YES;
				CLANG_ENABLE_OBJC_WEAK = YES;
				CLANG_WARN_BLOCK_CAPTURE_AUTORELEASING = YES;
				CLANG_WARN_BOOL_CONVERSION = YES;
				CLANG_WARN_COMMA = YES;
				CLANG_WARN_CONSTANT_CONVERSION = YES;
				CLANG_WARN_DEPRECATED_OBJC_IMPLEMENTATIONS = YES;
				CLANG_WARN_DIRECT_OBJC_ISA_USAGE = YES_ERROR;
				CLANG_WARN_DOCUMENTATION_COMMENTS = YES;
				CLANG_WARN_EMPTY_BODY = YES;
				CLANG_WARN_ENUM_CONVERSION = YES;
				CLANG_WARN_INFINITE_RECURSION = YES;
				CLANG_WARN_INT_CONVERSION = YES;
				CLANG_WARN_NON_LITERAL_NULL_CONVERSION = YES;
				CLANG_WARN_OBJC_IMPLICIT_RETAIN_SELF = YES;
				CLANG_WARN_OBJC_LITERAL_CONVERSION = YES;
				CLANG_WARN_OBJC_ROOT_CLASS = YES_ERROR;
				CLANG_WARN_RANGE_LOOP_ANALYSIS = YES;
				CLANG_WARN_STRICT_PROTOTYPES = YES;
				CLANG_WARN_SUSPICIOUS_MOVE = YES;
				CLANG_WARN_UNGUARDED_AVAILABILITY = YES_AGGRESSIVE;
				CLANG_WARN_UNREACHABLE_CODE = YES;
				CLANG_WARN__DUPLICATE_METHOD_MATCH = YES;
				CODE_SIGN_IDENTITY = "iPhone Developer";
				COPY_PHASE_STRIP = NO;
				DEBUG_INFORMATION_FORMAT = "dwarf-with-dsym";
				ENABLE_NS_ASSERTIONS = NO;
				ENABLE_STRICT_OBJC_MSGSEND = YES;
				GCC_C_LANGUAGE_STANDARD = gnu11;
				GCC_NO_COMMON_BLOCKS = YES;
				GCC_WARN_64_TO_32_BIT_CONVERSION = YES;
				GCC_WARN_ABOUT_RETURN_TYPE = YES_ERROR;
				GCC_WARN_UNDECLARED_SELECTOR = YES;
				GCC_WARN_UNINITIALIZED_AUTOS = YES_AGGRESSIVE;
				GCC_WARN_UNUSED_FUNCTION = YES;
				GCC_WARN_UNUSED_VARIABLE = YES;
				IPHONEOS_DEPLOYMENT_TARGET = 11.3;
				MTL_ENABLE_DEBUG_INFO = NO;
				SDKROOT = iphoneos;
				SWIFT_COMPILATION_MODE = wholemodule;
				SWIFT_OPTIMIZATION_LEVEL = "-O";
				VALIDATE_PRODUCT = YES;
			};
			name = Release;
		};
		459FAD7B20A1551D00725C0B /* Debug */ = {
			isa = XCBuildConfiguration;
			buildSettings = {
				ASSETCATALOG_COMPILER_APPICON_NAME = AppIcon;
				CODE_SIGN_STYLE = Automatic;
				DEVELOPMENT_TEAM = 92H64F45TH;
				INFOPLIST_FILE = KindleLBTA/Info.plist;
				LD_RUNPATH_SEARCH_PATHS = (
					"$(inherited)",
					"@executable_path/Frameworks",
				);
				PRODUCT_BUNDLE_IDENTIFIER = com.habinlama.testProject.KindleLBTA;
				PRODUCT_NAME = "$(TARGET_NAME)";
				SWIFT_VERSION = 4.0;
				TARGETED_DEVICE_FAMILY = "1,2";
			};
			name = Debug;
		};
		459FAD7C20A1551D00725C0B /* Release */ = {
			isa = XCBuildConfiguration;
			buildSettings = {
				ASSETCATALOG_COMPILER_APPICON_NAME = AppIcon;
				CODE_SIGN_STYLE = Automatic;
				DEVELOPMENT_TEAM = 92H64F45TH;
				INFOPLIST_FILE = KindleLBTA/Info.plist;
				LD_RUNPATH_SEARCH_PATHS = (
					"$(inherited)",
					"@executable_path/Frameworks",
				);
				PRODUCT_BUNDLE_IDENTIFIER = com.habinlama.testProject.KindleLBTA;
				PRODUCT_NAME = "$(TARGET_NAME)";
				SWIFT_VERSION = 4.0;
				TARGETED_DEVICE_FAMILY = "1,2";
			};
			name = Release;
		};
		459FAD7E20A1551D00725C0B /* Debug */ = {
			isa = XCBuildConfiguration;
			buildSettings = {
				ALWAYS_EMBED_SWIFT_STANDARD_LIBRARIES = YES;
				BUNDLE_LOADER = "$(TEST_HOST)";
				CODE_SIGN_STYLE = Automatic;
				DEVELOPMENT_TEAM = 92H64F45TH;
				INFOPLIST_FILE = KindleLBTATests/Info.plist;
				LD_RUNPATH_SEARCH_PATHS = (
					"$(inherited)",
					"@executable_path/Frameworks",
					"@loader_path/Frameworks",
				);
				PRODUCT_BUNDLE_IDENTIFIER = com.habinlama.testProject.KindleLBTATests;
				PRODUCT_NAME = "$(TARGET_NAME)";
				SWIFT_VERSION = 4.0;
				TARGETED_DEVICE_FAMILY = "1,2";
				TEST_HOST = "$(BUILT_PRODUCTS_DIR)/KindleLBTA.app/KindleLBTA";
			};
			name = Debug;
		};
		459FAD7F20A1551D00725C0B /* Release */ = {
			isa = XCBuildConfiguration;
			buildSettings = {
				ALWAYS_EMBED_SWIFT_STANDARD_LIBRARIES = YES;
				BUNDLE_LOADER = "$(TEST_HOST)";
				CODE_SIGN_STYLE = Automatic;
				DEVELOPMENT_TEAM = 92H64F45TH;
				INFOPLIST_FILE = KindleLBTATests/Info.plist;
				LD_RUNPATH_SEARCH_PATHS = (
					"$(inherited)",
					"@executable_path/Frameworks",
					"@loader_path/Frameworks",
				);
				PRODUCT_BUNDLE_IDENTIFIER = com.habinlama.testProject.KindleLBTATests;
				PRODUCT_NAME = "$(TARGET_NAME)";
				SWIFT_VERSION = 4.0;
				TARGETED_DEVICE_FAMILY = "1,2";
				TEST_HOST = "$(BUILT_PRODUCTS_DIR)/KindleLBTA.app/KindleLBTA";
			};
			name = Release;
		};
		459FAD8120A1551D00725C0B /* Debug */ = {
			isa = XCBuildConfiguration;
			buildSettings = {
				ALWAYS_EMBED_SWIFT_STANDARD_LIBRARIES = YES;
				CODE_SIGN_STYLE = Automatic;
				DEVELOPMENT_TEAM = 92H64F45TH;
				INFOPLIST_FILE = KindleLBTAUITests/Info.plist;
				LD_RUNPATH_SEARCH_PATHS = (
					"$(inherited)",
					"@executable_path/Frameworks",
					"@loader_path/Frameworks",
				);
				PRODUCT_BUNDLE_IDENTIFIER = com.habinlama.testProject.KindleLBTAUITests;
				PRODUCT_NAME = "$(TARGET_NAME)";
				SWIFT_VERSION = 4.0;
				TARGETED_DEVICE_FAMILY = "1,2";
				TEST_TARGET_NAME = KindleLBTA;
			};
			name = Debug;
		};
		459FAD8220A1551D00725C0B /* Release */ = {
			isa = XCBuildConfiguration;
			buildSettings = {
				ALWAYS_EMBED_SWIFT_STANDARD_LIBRARIES = YES;
				CODE_SIGN_STYLE = Automatic;
				DEVELOPMENT_TEAM = 92H64F45TH;
				INFOPLIST_FILE = KindleLBTAUITests/Info.plist;
				LD_RUNPATH_SEARCH_PATHS = (
					"$(inherited)",
					"@executable_path/Frameworks",
					"@loader_path/Frameworks",
				);
				PRODUCT_BUNDLE_IDENTIFIER = com.habinlama.testProject.KindleLBTAUITests;
				PRODUCT_NAME = "$(TARGET_NAME)";
				SWIFT_VERSION = 4.0;
				TARGETED_DEVICE_FAMILY = "1,2";
				TEST_TARGET_NAME = KindleLBTA;
			};
			name = Release;
		};
/* End XCBuildConfiguration section */

/* Begin XCConfigurationList section */
		459FAD4D20A1551C00725C0B /* Build configuration list for PBXProject "KindleLBTA" */ = {
			isa = XCConfigurationList;
			buildConfigurations = (
				459FAD7820A1551D00725C0B /* Debug */,
				459FAD7920A1551D00725C0B /* Release */,
			);
			defaultConfigurationIsVisible = 0;
			defaultConfigurationName = Release;
		};
		459FAD7A20A1551D00725C0B /* Build configuration list for PBXNativeTarget "KindleLBTA" */ = {
			isa = XCConfigurationList;
			buildConfigurations = (
				459FAD7B20A1551D00725C0B /* Debug */,
				459FAD7C20A1551D00725C0B /* Release */,
			);
			defaultConfigurationIsVisible = 0;
			defaultConfigurationName = Release;
		};
		459FAD7D20A1551D00725C0B /* Build configuration list for PBXNativeTarget "KindleLBTATests" */ = {
			isa = XCConfigurationList;
			buildConfigurations = (
				459FAD7E20A1551D00725C0B /* Debug */,
				459FAD7F20A1551D00725C0B /* Release */,
			);
			defaultConfigurationIsVisible = 0;
			defaultConfigurationName = Release;
		};
		459FAD8020A1551D00725C0B /* Build configuration list for PBXNativeTarget "KindleLBTAUITests" */ = {
			isa = XCConfigurationList;
			buildConfigurations = (
				459FAD8120A1551D00725C0B /* Debug */,
				459FAD8220A1551D00725C0B /* Release */,
			);
			defaultConfigurationIsVisible = 0;
			defaultConfigurationName = Release;
		};
/* End XCConfigurationList section */
	};
	rootObject = 459FAD4A20A1551C00725C0B /* Project object */;
}
